
Microsoft Visual Studio Solution File, Format Version 12.00
# Visual Studio 15
VisualStudioVersion = 15.0.28307.757
MinimumVisualStudioVersion = 10.0.40219.1
Project("{888888A0-9F3D-457C-B088-3A5042F75D52}") = "Converting Images from RGB to grayscale", "Converting Images from RGB to grayscale\Converting Images from RGB to grayscale.pyproj", "{561B8CF1-2CB5-4850-B9CB-B98670597106}"
EndProject
Global
	GlobalSection(SolutionConfigurationPlatforms) = preSolution
		Debug|Any CPU = Debug|Any CPU
		Release|Any CPU = Release|Any CPU
	EndGlobalSection
	GlobalSection(ProjectConfigurationPlatforms) = postSolution
		{561B8CF1-2CB5-4850-B9CB-B98670597106}.Debug|Any CPU.ActiveCfg = Debug|Any CPU
		{561B8CF1-2CB5-4850-B9CB-B98670597106}.Release|Any CPU.ActiveCfg = Release|Any CPU
	EndGlobalSection
	GlobalSection(SolutionProperties) = preSolution
		HideSolutionNode = FALSE
	EndGlobalSection
	GlobalSection(ExtensibilityGlobals) = postSolution
		SolutionGuid = {12AF2614-0D2B-42DF-96B8-5CAB4C75CD51}
	EndGlobalSection
EndGlobal
